
Microsoft Visual Studio Solution File, Format Version 12.00
# Visual Studio 14
VisualStudioVersion = 14.0.25420.1
MinimumVisualStudioVersion = 10.0.40219.1
Project("{FAE04EC0-301F-11D3-BF4B-00C04F79EFBC}") = "TimeTracker", "TimeTracker\TimeTracker.csproj", "{5D7085F4-D964-4B8F-BC65-F1C211F46B31}"
EndProject
Project("{FAE04EC0-301F-11D3-BF4B-00C04F79EFBC}") = "TimeTrackerLibrary", "TimeTrackerLibrary\TimeTrackerLibrary.csproj", "{84B5DE92-5D92-4592-9259-8B2D8F9D5B53}"
EndProject
Project("{FAE04EC0-301F-11D3-BF4B-00C04F79EFBC}") = "TimeTrackerLibrary.Tests", "TimeTrackerLibrary.Tests\TimeTrackerLibrary.Tests.csproj", "{ADAE7BB6-1037-4DF2-AB59-F240735669F0}"
EndProject
Global
	GlobalSection(SolutionConfigurationPlatforms) = preSolution
		Debug|Any CPU = Debug|Any CPU
		Release|Any CPU = Release|Any CPU
	EndGlobalSection
	GlobalSection(ProjectConfigurationPlatforms) = postSolution
		{5D7085F4-D964-4B8F-BC65-F1C211F46B31}.Debug|Any CPU.ActiveCfg = Debug|Any CPU
		{5D7085F4-D964-4B8F-BC65-F1C211F46B31}.Debug|Any CPU.Build.0 = Debug|Any CPU
		{5D7085F4-D964-4B8F-BC65-F1C211F46B31}.Release|Any CPU.ActiveCfg = Release|Any CPU
		{5D7085F4-D964-4B8F-BC65-F1C211F46B31}.Release|Any CPU.Build.0 = Release|Any CPU
		{84B5DE92-5D92-4592-9259-8B2D8F9D5B53}.Debug|Any CPU.ActiveCfg = Debug|Any CPU
		{84B5DE92-5D92-4592-9259-8B2D8F9D5B53}.Debug|Any CPU.Build.0 = Debug|Any CPU
		{84B5DE92-5D92-4592-9259-8B2D8F9D5B53}.Release|Any CPU.ActiveCfg = Release|Any CPU
		{84B5DE92-5D92-4592-9259-8B2D8F9D5B53}.Release|Any CPU.Build.0 = Release|Any CPU
		{ADAE7BB6-1037-4DF2-AB59-F240735669F0}.Debug|Any CPU.ActiveCfg = Debug|Any CPU
		{ADAE7BB6-1037-4DF2-AB59-F240735669F0}.Debug|Any CPU.Build.0 = Debug|Any CPU
		{ADAE7BB6-1037-4DF2-AB59-F240735669F0}.Release|Any CPU.ActiveCfg = Release|Any CPU
		{ADAE7BB6-1037-4DF2-AB59-F240735669F0}.Release|Any CPU.Build.0 = Release|Any CPU
	EndGlobalSection
	GlobalSection(SolutionProperties) = preSolution
		HideSolutionNode = FALSE
	EndGlobalSection
	GlobalSection(TeamFoundationVersionControl) = preSolution
		SccNumberOfProjects = 4
		SccEnterpriseProvider = {4CA58AB2-18FA-4F8D-95D4-32DDF27D184C}
		SccTeamFoundationServer = https://rajusrivatsavaye.visualstudio.com/
		SccLocalPath0 = .
		SccProjectUniqueName1 = TimeTracker\\TimeTracker.csproj
		SccProjectName1 = TimeTracker
		SccLocalPath1 = TimeTracker
		SccProjectUniqueName2 = TimeTrackerLibrary.Tests\\TimeTrackerLibrary.Tests.csproj
		SccProjectName2 = TimeTrackerLibrary.Tests
		SccLocalPath2 = TimeTrackerLibrary.Tests
		SccProjectUniqueName3 = TimeTrackerLibrary\\TimeTrackerLibrary.csproj
		SccProjectName3 = TimeTrackerLibrary
		SccLocalPath3 = TimeTrackerLibrary
	EndGlobalSection
EndGlobal
